
Microsoft Visual Studio Solution File, Format Version 11.00
# Visual Studio 2010
Project("{FAE04EC0-301F-11D3-BF4B-00C04F79EFBC}") = "BOM.BusinessLayer", "..\BOM.BusinessLayer\BOM.BusinessLayer.csproj", "{C6764095-1284-44C2-B232-E115E63BCCCE}"
EndProject
Project("{FAE04EC0-301F-11D3-BF4B-00C04F79EFBC}") = "BOM.DataLayer", "..\BOM.DataLayer\BOM.DataLayer.csproj", "{0D2713E4-1C4C-4A0E-A398-C2766A598A0D}"
EndProject
Project("{FAE04EC0-301F-11D3-BF4B-00C04F79EFBC}") = "BOM.EntityLayer", "..\BOM.EntityLayer\BOM.EntityLayer.csproj", "{21ACB37E-D8C1-4EB1-8C49-0EE3F7B5703C}"
EndProject
Project("{FAE04EC0-301F-11D3-BF4B-00C04F79EFBC}") = "BOM.UIGeneral", "..\BOM.UIGeneral\BOM.UIGeneral.csproj", "{0ED262C2-445E-4C72-954A-73E508B11A9A}"
EndProject
Project("{FAE04EC0-301F-11D3-BF4B-00C04F79EFBC}") = "BOM.UserLayer", "..\BOM.UserLayer\BOM.UserLayer.csproj", "{208F2DB4-43E3-4936-A868-ADAC586F58EA}"
EndProject
Global
	GlobalSection(SolutionConfigurationPlatforms) = preSolution
		Debug|Any CPU = Debug|Any CPU
		Release|Any CPU = Release|Any CPU
	EndGlobalSection
	GlobalSection(ProjectConfigurationPlatforms) = postSolution
		{C6764095-1284-44C2-B232-E115E63BCCCE}.Debug|Any CPU.ActiveCfg = Debug|Any CPU
		{C6764095-1284-44C2-B232-E115E63BCCCE}.Debug|Any CPU.Build.0 = Debug|Any CPU
		{C6764095-1284-44C2-B232-E115E63BCCCE}.Release|Any CPU.ActiveCfg = Release|Any CPU
		{C6764095-1284-44C2-B232-E115E63BCCCE}.Release|Any CPU.Build.0 = Release|Any CPU
		{0D2713E4-1C4C-4A0E-A398-C2766A598A0D}.Debug|Any CPU.ActiveCfg = Debug|Any CPU
		{0D2713E4-1C4C-4A0E-A398-C2766A598A0D}.Debug|Any CPU.Build.0 = Debug|Any CPU
		{0D2713E4-1C4C-4A0E-A398-C2766A598A0D}.Release|Any CPU.ActiveCfg = Release|Any CPU
		{0D2713E4-1C4C-4A0E-A398-C2766A598A0D}.Release|Any CPU.Build.0 = Release|Any CPU
		{21ACB37E-D8C1-4EB1-8C49-0EE3F7B5703C}.Debug|Any CPU.ActiveCfg = Debug|Any CPU
		{21ACB37E-D8C1-4EB1-8C49-0EE3F7B5703C}.Debug|Any CPU.Build.0 = Debug|Any CPU
		{21ACB37E-D8C1-4EB1-8C49-0EE3F7B5703C}.Release|Any CPU.ActiveCfg = Release|Any CPU
		{21ACB37E-D8C1-4EB1-8C49-0EE3F7B5703C}.Release|Any CPU.Build.0 = Release|Any CPU
		{0ED262C2-445E-4C72-954A-73E508B11A9A}.Debug|Any CPU.ActiveCfg = Debug|Any CPU
		{0ED262C2-445E-4C72-954A-73E508B11A9A}.Debug|Any CPU.Build.0 = Debug|Any CPU
		{0ED262C2-445E-4C72-954A-73E508B11A9A}.Release|Any CPU.ActiveCfg = Release|Any CPU
		{0ED262C2-445E-4C72-954A-73E508B11A9A}.Release|Any CPU.Build.0 = Release|Any CPU
		{208F2DB4-43E3-4936-A868-ADAC586F58EA}.Debug|Any CPU.ActiveCfg = Debug|Any CPU
		{208F2DB4-43E3-4936-A868-ADAC586F58EA}.Debug|Any CPU.Build.0 = Debug|Any CPU
		{208F2DB4-43E3-4936-A868-ADAC586F58EA}.Release|Any CPU.ActiveCfg = Release|Any CPU
		{208F2DB4-43E3-4936-A868-ADAC586F58EA}.Release|Any CPU.Build.0 = Release|Any CPU
	EndGlobalSection
	GlobalSection(SolutionProperties) = preSolution
		HideSolutionNode = FALSE
	EndGlobalSection
EndGlobal
